
Microsoft Visual Studio Solution File, Format Version 12.00
# Visual Studio Version 17
VisualStudioVersion = 17.11.35327.3
MinimumVisualStudioVersion = 10.0.40219.1
Project("{151D2E53-A2C4-4D7D-83FE-D05416EBD58E}") = "TP2_Azure", "TP2_Azure\TP2_Azure.deployproj", "{11E2B6ED-50CF-44C6-9BB0-DCDE071B1AE8}"
EndProject
Global
	GlobalSection(SolutionConfigurationPlatforms) = preSolution
		Debug|Any CPU = Debug|Any CPU
		Release|Any CPU = Release|Any CPU
	EndGlobalSection
	GlobalSection(ProjectConfigurationPlatforms) = postSolution
		{11E2B6ED-50CF-44C6-9BB0-DCDE071B1AE8}.Debug|Any CPU.ActiveCfg = Debug|Any CPU
		{11E2B6ED-50CF-44C6-9BB0-DCDE071B1AE8}.Debug|Any CPU.Build.0 = Debug|Any CPU
		{11E2B6ED-50CF-44C6-9BB0-DCDE071B1AE8}.Release|Any CPU.ActiveCfg = Release|Any CPU
		{11E2B6ED-50CF-44C6-9BB0-DCDE071B1AE8}.Release|Any CPU.Build.0 = Release|Any CPU
	EndGlobalSection
	GlobalSection(SolutionProperties) = preSolution
		HideSolutionNode = FALSE
	EndGlobalSection
	GlobalSection(ExtensibilityGlobals) = postSolution
		SolutionGuid = {581A54DF-9734-4E96-8FF2-47833CBAC53A}
	EndGlobalSection
EndGlobal
